
Microsoft Visual Studio Solution File, Format Version 12.00
# Visual Studio Version 17
VisualStudioVersion = 17.0.31903.59
MinimumVisualStudioVersion = 10.0.40219.1
Project("{FAE04EC0-301F-11D3-BF4B-00C04F79EFBC}") = "HomeCareApp", "HomeCareApp\HomeCareApp.csproj", "{0E908AAB-FBB3-455E-915A-600C5D0A5E77}"
EndProject
Project("{FAE04EC0-301F-11D3-BF4B-00C04F79EFBC}") = "HomeCare.Tests", "HomeCare.Tests\HomeCare.Tests.csproj", "{C7AE69DD-2CA9-4F0F-99D3-15B6BCFFFC28}"
EndProject
Global
	GlobalSection(SolutionConfigurationPlatforms) = preSolution
		Debug|Any CPU = Debug|Any CPU
		Release|Any CPU = Release|Any CPU
	EndGlobalSection
	GlobalSection(SolutionProperties) = preSolution
		HideSolutionNode = FALSE
	EndGlobalSection
	GlobalSection(ProjectConfigurationPlatforms) = postSolution
		{0E908AAB-FBB3-455E-915A-600C5D0A5E77}.Debug|Any CPU.ActiveCfg = Debug|Any CPU
		{0E908AAB-FBB3-455E-915A-600C5D0A5E77}.Debug|Any CPU.Build.0 = Debug|Any CPU
		{0E908AAB-FBB3-455E-915A-600C5D0A5E77}.Release|Any CPU.ActiveCfg = Release|Any CPU
		{0E908AAB-FBB3-455E-915A-600C5D0A5E77}.Release|Any CPU.Build.0 = Release|Any CPU
		{C7AE69DD-2CA9-4F0F-99D3-15B6BCFFFC28}.Debug|Any CPU.ActiveCfg = Debug|Any CPU
		{C7AE69DD-2CA9-4F0F-99D3-15B6BCFFFC28}.Debug|Any CPU.Build.0 = Debug|Any CPU
		{C7AE69DD-2CA9-4F0F-99D3-15B6BCFFFC28}.Release|Any CPU.ActiveCfg = Release|Any CPU
		{C7AE69DD-2CA9-4F0F-99D3-15B6BCFFFC28}.Release|Any CPU.Build.0 = Release|Any CPU
	EndGlobalSection
EndGlobal
